
Microsoft Visual Studio Solution File, Format Version 12.00
# Visual Studio Version 16
VisualStudioVersion = 16.0.30804.86
MinimumVisualStudioVersion = 10.0.40219.1
Project("{FAE04EC0-301F-11D3-BF4B-00C04F79EFBC}") = "Practical1", "Practical1\Practical1.csproj", "{B73B6A69-CA0A-4488-9274-E9E26B227F44}"
EndProject
Global
	GlobalSection(SolutionConfigurationPlatforms) = preSolution
		Debug|Any CPU = Debug|Any CPU
		Release|Any CPU = Release|Any CPU
	EndGlobalSection
	GlobalSection(ProjectConfigurationPlatforms) = postSolution
		{B73B6A69-CA0A-4488-9274-E9E26B227F44}.Debug|Any CPU.ActiveCfg = Debug|Any CPU
		{B73B6A69-CA0A-4488-9274-E9E26B227F44}.Debug|Any CPU.Build.0 = Debug|Any CPU
		{B73B6A69-CA0A-4488-9274-E9E26B227F44}.Release|Any CPU.ActiveCfg = Release|Any CPU
		{B73B6A69-CA0A-4488-9274-E9E26B227F44}.Release|Any CPU.Build.0 = Release|Any CPU
	EndGlobalSection
	GlobalSection(SolutionProperties) = preSolution
		HideSolutionNode = FALSE
	EndGlobalSection
	GlobalSection(ExtensibilityGlobals) = postSolution
		SolutionGuid = {7C89290A-D00B-46D6-BB18-21ABF6DE82C5}
	EndGlobalSection
EndGlobal
