
Microsoft Visual Studio Solution File, Format Version 12.00
# Visual Studio Version 16
VisualStudioVersion = 16.0.30907.101
MinimumVisualStudioVersion = 10.0.40219.1
Project("{FAE04EC0-301F-11D3-BF4B-00C04F79EFBC}") = "CarSticker", "CarSticker\CarSticker.csproj", "{17928852-4832-473F-9C5D-BE7A1D3150FD}"
EndProject
Global
	GlobalSection(SolutionConfigurationPlatforms) = preSolution
		Debug|Any CPU = Debug|Any CPU
		Release|Any CPU = Release|Any CPU
	EndGlobalSection
	GlobalSection(ProjectConfigurationPlatforms) = postSolution
		{17928852-4832-473F-9C5D-BE7A1D3150FD}.Debug|Any CPU.ActiveCfg = Debug|Any CPU
		{17928852-4832-473F-9C5D-BE7A1D3150FD}.Debug|Any CPU.Build.0 = Debug|Any CPU
		{17928852-4832-473F-9C5D-BE7A1D3150FD}.Release|Any CPU.ActiveCfg = Release|Any CPU
		{17928852-4832-473F-9C5D-BE7A1D3150FD}.Release|Any CPU.Build.0 = Release|Any CPU
	EndGlobalSection
	GlobalSection(SolutionProperties) = preSolution
		HideSolutionNode = FALSE
	EndGlobalSection
	GlobalSection(ExtensibilityGlobals) = postSolution
		SolutionGuid = {1AD2B1FF-05CE-4793-ADB4-B0C8033BA8FE}
	EndGlobalSection
EndGlobal
